// !$*UTF8*$!
{
	archiveVersion = 1;
	classes = {
	};
	objectVersion = 50;
	objects = {

/* Begin PBXBuildFile section */
		BB4903D72160240D003F10C2 /* AppDelegate.swift in Sources */ = {isa = PBXBuildFile; fileRef = BB4903D62160240D003F10C2 /* AppDelegate.swift */; };
		BB4903DE2160240F003F10C2 /* Assets.xcassets in Resources */ = {isa = PBXBuildFile; fileRef = BB4903DD2160240F003F10C2 /* Assets.xcassets */; };
		BB4903E12160240F003F10C2 /* LaunchScreen.storyboard in Resources */ = {isa = PBXBuildFile; fileRef = BB4903DF2160240F003F10C2 /* LaunchScreen.storyboard */; };
		BB4903EC2160240F003F10C2 /* ShudderIITests.swift in Sources */ = {isa = PBXBuildFile; fileRef = BB4903EB2160240F003F10C2 /* ShudderIITests.swift */; };
		BB4903F72160240F003F10C2 /* ShudderIIUITests.swift in Sources */ = {isa = PBXBuildFile; fileRef = BB4903F62160240F003F10C2 /* ShudderIIUITests.swift */; };
		BB49040D2160279E003F10C2 /* Common.swift in Sources */ = {isa = PBXBuildFile; fileRef = BB49040C2160279E003F10C2 /* Common.swift */; };
		BB49040F2160280B003F10C2 /* Strings.swift in Sources */ = {isa = PBXBuildFile; fileRef = BB49040E2160280B003F10C2 /* Strings.swift */; };
		BB490411216028AD003F10C2 /* Errors.swift in Sources */ = {isa = PBXBuildFile; fileRef = BB490410216028AD003F10C2 /* Errors.swift */; };
		BB4904162160297F003F10C2 /* AppManager.swift in Sources */ = {isa = PBXBuildFile; fileRef = BB4904152160297F003F10C2 /* AppManager.swift */; };
		BB49041821602AA2003F10C2 /* GUIManager.swift in Sources */ = {isa = PBXBuildFile; fileRef = BB49041721602AA2003F10C2 /* GUIManager.swift */; };
		BB49041A21602BBB003F10C2 /* FeaturedViewController.swift in Sources */ = {isa = PBXBuildFile; fileRef = BB49041921602BBB003F10C2 /* FeaturedViewController.swift */; };
		BB49041C21602F22003F10C2 /* Managers.swift in Sources */ = {isa = PBXBuildFile; fileRef = BB49041B21602F22003F10C2 /* Managers.swift */; };
		BB49041E21604DF9003F10C2 /* DataManager.swift in Sources */ = {isa = PBXBuildFile; fileRef = BB49041D21604DF9003F10C2 /* DataManager.swift */; };
		BB49042021604E50003F10C2 /* RequestManager.swift in Sources */ = {isa = PBXBuildFile; fileRef = BB49041F21604E50003F10C2 /* RequestManager.swift */; };
		BB49042821607034003F10C2 /* MoviesCollectionsView.swift in Sources */ = {isa = PBXBuildFile; fileRef = BB49042721607034003F10C2 /* MoviesCollectionsView.swift */; };
		BB49042A216099CE003F10C2 /* MoviesCollectionsTableViewCell.swift in Sources */ = {isa = PBXBuildFile; fileRef = BB490429216099CE003F10C2 /* MoviesCollectionsTableViewCell.swift */; };
		BB49042C21613465003F10C2 /* HeroViewTableViewCell.swift in Sources */ = {isa = PBXBuildFile; fileRef = BB49042B21613465003F10C2 /* HeroViewTableViewCell.swift */; };
		BB49042E2161544F003F10C2 /* Movie.swift in Sources */ = {isa = PBXBuildFile; fileRef = BB49042D2161544F003F10C2 /* Movie.swift */; };
		BB4904302161803F003F10C2 /* ArrayExtensions.swift in Sources */ = {isa = PBXBuildFile; fileRef = BB49042F2161803F003F10C2 /* ArrayExtensions.swift */; };
		BB49043421619BCB003F10C2 /* MoviesCollectionsCollectionViewCell.swift in Sources */ = {isa = PBXBuildFile; fileRef = BB49043321619BCB003F10C2 /* MoviesCollectionsCollectionViewCell.swift */; };
		BBB3F447216293B700A5E8EA /* MovieDetailView.swift in Sources */ = {isa = PBXBuildFile; fileRef = BBB3F446216293B700A5E8EA /* MovieDetailView.swift */; };
/* End PBXBuildFile section */

/* Begin PBXContainerItemProxy section */
		BB4903E82160240F003F10C2 /* PBXContainerItemProxy */ = {
			isa = PBXContainerItemProxy;
			containerPortal = BB4903CB2160240C003F10C2 /* Project object */;
			proxyType = 1;
			remoteGlobalIDString = BB4903D22160240C003F10C2;
			remoteInfo = ShudderII;
		};
		BB4903F32160240F003F10C2 /* PBXContainerItemProxy */ = {
			isa = PBXContainerItemProxy;
			containerPortal = BB4903CB2160240C003F10C2 /* Project object */;
			proxyType = 1;
			remoteGlobalIDString = BB4903D22160240C003F10C2;
			remoteInfo = ShudderII;
		};
/* End PBXContainerItemProxy section */

/* Begin PBXFileReference section */
		BB4903D32160240D003F10C2 /* ShudderII.app */ = {isa = PBXFileReference; explicitFileType = wrapper.application; includeInIndex = 0; path = ShudderII.app; sourceTree = BUILT_PRODUCTS_DIR; };
		BB4903D62160240D003F10C2 /* AppDelegate.swift */ = {isa = PBXFileReference; lastKnownFileType = sourcecode.swift; path = AppDelegate.swift; sourceTree = "<group>"; };
		BB4903DD2160240F003F10C2 /* Assets.xcassets */ = {isa = PBXFileReference; lastKnownFileType = folder.assetcatalog; path = Assets.xcassets; sourceTree = "<group>"; };
		BB4903E02160240F003F10C2 /* Base */ = {isa = PBXFileReference; lastKnownFileType = file.storyboard; name = Base; path = Base.lproj/LaunchScreen.storyboard; sourceTree = "<group>"; };
		BB4903E22160240F003F10C2 /* Info.plist */ = {isa = PBXFileReference; lastKnownFileType = text.plist.xml; path = Info.plist; sourceTree = "<group>"; };
		BB4903E72160240F003F10C2 /* ShudderIITests.xctest */ = {isa = PBXFileReference; explicitFileType = wrapper.cfbundle; includeInIndex = 0; path = ShudderIITests.xctest; sourceTree = BUILT_PRODUCTS_DIR; };
		BB4903EB2160240F003F10C2 /* ShudderIITests.swift */ = {isa = PBXFileReference; lastKnownFileType = sourcecode.swift; path = ShudderIITests.swift; sourceTree = "<group>"; };
		BB4903ED2160240F003F10C2 /* Info.plist */ = {isa = PBXFileReference; lastKnownFileType = text.plist.xml; path = Info.plist; sourceTree = "<group>"; };
		BB4903F22160240F003F10C2 /* ShudderIIUITests.xctest */ = {isa = PBXFileReference; explicitFileType = wrapper.cfbundle; includeInIndex = 0; path = ShudderIIUITests.xctest; sourceTree = BUILT_PRODUCTS_DIR; };
		BB4903F62160240F003F10C2 /* ShudderIIUITests.swift */ = {isa = PBXFileReference; lastKnownFileType = sourcecode.swift; path = ShudderIIUITests.swift; sourceTree = "<group>"; };
		BB4903F82160240F003F10C2 /* Info.plist */ = {isa = PBXFileReference; lastKnownFileType = text.plist.xml; path = Info.plist; sourceTree = "<group>"; };
		BB49040C2160279E003F10C2 /* Common.swift */ = {isa = PBXFileReference; lastKnownFileType = sourcecode.swift; path = Common.swift; sourceTree = "<group>"; };
		BB49040E2160280B003F10C2 /* Strings.swift */ = {isa = PBXFileReference; lastKnownFileType = sourcecode.swift; path = Strings.swift; sourceTree = "<group>"; };
		BB490410216028AD003F10C2 /* Errors.swift */ = {isa = PBXFileReference; lastKnownFileType = sourcecode.swift; path = Errors.swift; sourceTree = "<group>"; };
		BB4904152160297F003F10C2 /* AppManager.swift */ = {isa = PBXFileReference; lastKnownFileType = sourcecode.swift; path = AppManager.swift; sourceTree = "<group>"; };
		BB49041721602AA2003F10C2 /* GUIManager.swift */ = {isa = PBXFileReference; lastKnownFileType = sourcecode.swift; path = GUIManager.swift; sourceTree = "<group>"; };
		BB49041921602BBB003F10C2 /* FeaturedViewController.swift */ = {isa = PBXFileReference; lastKnownFileType = sourcecode.swift; path = FeaturedViewController.swift; sourceTree = "<group>"; };
		BB49041B21602F22003F10C2 /* Managers.swift */ = {isa = PBXFileReference; lastKnownFileType = sourcecode.swift; path = Managers.swift; sourceTree = "<group>"; };
		BB49041D21604DF9003F10C2 /* DataManager.swift */ = {isa = PBXFileReference; lastKnownFileType = sourcecode.swift; path = DataManager.swift; sourceTree = "<group>"; };
		BB49041F21604E50003F10C2 /* RequestManager.swift */ = {isa = PBXFileReference; lastKnownFileType = sourcecode.swift; path = RequestManager.swift; sourceTree = "<group>"; };
		BB49042721607034003F10C2 /* MoviesCollectionsView.swift */ = {isa = PBXFileReference; lastKnownFileType = sourcecode.swift; path = MoviesCollectionsView.swift; sourceTree = "<group>"; };
		BB490429216099CE003F10C2 /* MoviesCollectionsTableViewCell.swift */ = {isa = PBXFileReference; lastKnownFileType = sourcecode.swift; path = MoviesCollectionsTableViewCell.swift; sourceTree = "<group>"; };
		BB49042B21613465003F10C2 /* HeroViewTableViewCell.swift */ = {isa = PBXFileReference; lastKnownFileType = sourcecode.swift; path = HeroViewTableViewCell.swift; sourceTree = "<group>"; };
		BB49042D2161544F003F10C2 /* Movie.swift */ = {isa = PBXFileReference; lastKnownFileType = sourcecode.swift; path = Movie.swift; sourceTree = "<group>"; };
		BB49042F2161803F003F10C2 /* ArrayExtensions.swift */ = {isa = PBXFileReference; lastKnownFileType = sourcecode.swift; path = ArrayExtensions.swift; sourceTree = "<group>"; };
		BB49043321619BCB003F10C2 /* MoviesCollectionsCollectionViewCell.swift */ = {isa = PBXFileReference; lastKnownFileType = sourcecode.swift; path = MoviesCollectionsCollectionViewCell.swift; sourceTree = "<group>"; };
		BBB3F446216293B700A5E8EA /* MovieDetailView.swift */ = {isa = PBXFileReference; lastKnownFileType = sourcecode.swift; path = MovieDetailView.swift; sourceTree = "<group>"; };
/* End PBXFileReference section */

/* Begin PBXFrameworksBuildPhase section */
		BB4903D02160240C003F10C2 /* Frameworks */ = {
			isa = PBXFrameworksBuildPhase;
			buildActionMask = 2147483647;
			files = (
			);
			runOnlyForDeploymentPostprocessing = 0;
		};
		BB4903E42160240F003F10C2 /* Frameworks */ = {
			isa = PBXFrameworksBuildPhase;
			buildActionMask = 2147483647;
			files = (
			);
			runOnlyForDeploymentPostprocessing = 0;
		};
		BB4903EF2160240F003F10C2 /* Frameworks */ = {
			isa = PBXFrameworksBuildPhase;
			buildActionMask = 2147483647;
			files = (
			);
			runOnlyForDeploymentPostprocessing = 0;
		};
/* End PBXFrameworksBuildPhase section */

/* Begin PBXGroup section */
		BB4903CA2160240C003F10C2 = {
			isa = PBXGroup;
			children = (
				BB4903D62160240D003F10C2 /* AppDelegate.swift */,
				BB4903D52160240D003F10C2 /* ShudderII */,
				BB4903EA2160240F003F10C2 /* ShudderIITests */,
				BB4903F52160240F003F10C2 /* ShudderIIUITests */,
				BB4903D42160240D003F10C2 /* Products */,
			);
			sourceTree = "<group>";
		};
		BB4903D42160240D003F10C2 /* Products */ = {
			isa = PBXGroup;
			children = (
				BB4903D32160240D003F10C2 /* ShudderII.app */,
				BB4903E72160240F003F10C2 /* ShudderIITests.xctest */,
				BB4903F22160240F003F10C2 /* ShudderIIUITests.xctest */,
			);
			name = Products;
			sourceTree = "<group>";
		};
		BB4903D52160240D003F10C2 /* ShudderII */ = {
			isa = PBXGroup;
			children = (
				BB49040421602525003F10C2 /* Resources */,
				BB49040521602535003F10C2 /* Source */,
				BB4904062160256F003F10C2 /* Supporting Files */,
				BB4904072160257F003F10C2 /* User Interface */,
			);
			path = ShudderII;
			sourceTree = "<group>";
		};
		BB4903EA2160240F003F10C2 /* ShudderIITests */ = {
			isa = PBXGroup;
			children = (
				BB4903EB2160240F003F10C2 /* ShudderIITests.swift */,
				BB4903ED2160240F003F10C2 /* Info.plist */,
			);
			path = ShudderIITests;
			sourceTree = "<group>";
		};
		BB4903F52160240F003F10C2 /* ShudderIIUITests */ = {
			isa = PBXGroup;
			children = (
				BB4903F62160240F003F10C2 /* ShudderIIUITests.swift */,
				BB4903F82160240F003F10C2 /* Info.plist */,
			);
			path = ShudderIIUITests;
			sourceTree = "<group>";
		};
		BB49040421602525003F10C2 /* Resources */ = {
			isa = PBXGroup;
			children = (
				BB4903DD2160240F003F10C2 /* Assets.xcassets */,
			);
			path = Resources;
			sourceTree = "<group>";
		};
		BB49040521602535003F10C2 /* Source */ = {
			isa = PBXGroup;
			children = (
				BB490408216025DD003F10C2 /* Common */,
				BB490409216025E2003F10C2 /* Models */,
				BB49040A216025FC003F10C2 /* Views */,
				BB49040B2160260D003F10C2 /* Controllers */,
			);
			path = Source;
			sourceTree = "<group>";
		};
		BB4904062160256F003F10C2 /* Supporting Files */ = {
			isa = PBXGroup;
			children = (
				BB4903E22160240F003F10C2 /* Info.plist */,
			);
			path = "Supporting Files";
			sourceTree = "<group>";
		};
		BB4904072160257F003F10C2 /* User Interface */ = {
			isa = PBXGroup;
			children = (
				BB4903DF2160240F003F10C2 /* LaunchScreen.storyboard */,
			);
			path = "User Interface";
			sourceTree = "<group>";
		};
		BB490408216025DD003F10C2 /* Common */ = {
			isa = PBXGroup;
			children = (
				BB49040C2160279E003F10C2 /* Common.swift */,
				BB49040E2160280B003F10C2 /* Strings.swift */,
				BB490410216028AD003F10C2 /* Errors.swift */,
				BB49041B21602F22003F10C2 /* Managers.swift */,
				BB49041221602931003F10C2 /* Managers */,
				BB49041321602939003F10C2 /* Extensions */,
				BB4904142160294B003F10C2 /* Utilities */,
			);
			path = Common;
			sourceTree = "<group>";
		};
		BB490409216025E2003F10C2 /* Models */ = {
			isa = PBXGroup;
			children = (
				BB49042D2161544F003F10C2 /* Movie.swift */,
			);
			path = Models;
			sourceTree = "<group>";
		};
		BB49040A216025FC003F10C2 /* Views */ = {
			isa = PBXGroup;
			children = (
				BBB3F4482162942F00A5E8EA /* Collections */,
			);
			path = Views;
			sourceTree = "<group>";
		};
		BB49040B2160260D003F10C2 /* Controllers */ = {
			isa = PBXGroup;
			children = (
				BB49041921602BBB003F10C2 /* FeaturedViewController.swift */,
			);
			path = Controllers;
			sourceTree = "<group>";
		};
		BB49041221602931003F10C2 /* Managers */ = {
			isa = PBXGroup;
			children = (
				BB4904152160297F003F10C2 /* AppManager.swift */,
				BB49041721602AA2003F10C2 /* GUIManager.swift */,
				BB49041D21604DF9003F10C2 /* DataManager.swift */,
				BB49041F21604E50003F10C2 /* RequestManager.swift */,
			);
			path = Managers;
			sourceTree = "<group>";
		};
		BB49041321602939003F10C2 /* Extensions */ = {
			isa = PBXGroup;
			children = (
				BB49042F2161803F003F10C2 /* ArrayExtensions.swift */,
			);
			path = Extensions;
			sourceTree = "<group>";
		};
		BB4904142160294B003F10C2 /* Utilities */ = {
			isa = PBXGroup;
			children = (
			);
			path = Utilities;
			sourceTree = "<group>";
		};
		BBB3F4482162942F00A5E8EA /* Collections */ = {
			isa = PBXGroup;
			children = (
				BB49042721607034003F10C2 /* MoviesCollectionsView.swift */,
				BBB3F44A216294CE00A5E8EA /* Cells */,
				BBB3F449216294C600A5E8EA /* Views */,
			);
			path = Collections;
			sourceTree = "<group>";
		};
		BBB3F449216294C600A5E8EA /* Views */ = {
			isa = PBXGroup;
			children = (
				BBB3F446216293B700A5E8EA /* MovieDetailView.swift */,
			);
			path = Views;
			sourceTree = "<group>";
		};
		BBB3F44A216294CE00A5E8EA /* Cells */ = {
			isa = PBXGroup;
			children = (
				BB490429216099CE003F10C2 /* MoviesCollectionsTableViewCell.swift */,
				BB49043321619BCB003F10C2 /* MoviesCollectionsCollectionViewCell.swift */,
				BB49042B21613465003F10C2 /* HeroViewTableViewCell.swift */,
			);
			path = Cells;
			sourceTree = "<group>";
		};
/* End PBXGroup section */

/* Begin PBXNativeTarget section */
		BB4903D22160240C003F10C2 /* ShudderII */ = {
			isa = PBXNativeTarget;
			buildConfigurationList = BB4903FB2160240F003F10C2 /* Build configuration list for PBXNativeTarget "ShudderII" */;
			buildPhases = (
				BB4903CF2160240C003F10C2 /* Sources */,
				BB4903D02160240C003F10C2 /* Frameworks */,
				BB4903D12160240C003F10C2 /* Resources */,
			);
			buildRules = (
			);
			dependencies = (
			);
			name = ShudderII;
			productName = ShudderII;
			productReference = BB4903D32160240D003F10C2 /* ShudderII.app */;
			productType = "com.apple.product-type.application";
		};
		BB4903E62160240F003F10C2 /* ShudderIITests */ = {
			isa = PBXNativeTarget;
			buildConfigurationList = BB4903FE2160240F003F10C2 /* Build configuration list for PBXNativeTarget "ShudderIITests" */;
			buildPhases = (
				BB4903E32160240F003F10C2 /* Sources */,
				BB4903E42160240F003F10C2 /* Frameworks */,
				BB4903E52160240F003F10C2 /* Resources */,
			);
			buildRules = (
			);
			dependencies = (
				BB4903E92160240F003F10C2 /* PBXTargetDependency */,
			);
			name = ShudderIITests;
			productName = ShudderIITests;
			productReference = BB4903E72160240F003F10C2 /* ShudderIITests.xctest */;
			productType = "com.apple.product-type.bundle.unit-test";
		};
		BB4903F12160240F003F10C2 /* ShudderIIUITests */ = {
			isa = PBXNativeTarget;
			buildConfigurationList = BB4904012160240F003F10C2 /* Build configuration list for PBXNativeTarget "ShudderIIUITests" */;
			buildPhases = (
				BB4903EE2160240F003F10C2 /* Sources */,
				BB4903EF2160240F003F10C2 /* Frameworks */,
				BB4903F02160240F003F10C2 /* Resources */,
			);
			buildRules = (
			);
			dependencies = (
				BB4903F42160240F003F10C2 /* PBXTargetDependency */,
			);
			name = ShudderIIUITests;
			productName = ShudderIIUITests;
			productReference = BB4903F22160240F003F10C2 /* ShudderIIUITests.xctest */;
			productType = "com.apple.product-type.bundle.ui-testing";
		};
/* End PBXNativeTarget section */

/* Begin PBXProject section */
		BB4903CB2160240C003F10C2 /* Project object */ = {
			isa = PBXProject;
			attributes = {
				LastSwiftUpdateCheck = 1000;
				LastUpgradeCheck = 1000;
				ORGANIZATIONNAME = "Guillermo Irigoyen";
				TargetAttributes = {
					BB4903D22160240C003F10C2 = {
						CreatedOnToolsVersion = 10.0;
					};
					BB4903E62160240F003F10C2 = {
						CreatedOnToolsVersion = 10.0;
						TestTargetID = BB4903D22160240C003F10C2;
					};
					BB4903F12160240F003F10C2 = {
						CreatedOnToolsVersion = 10.0;
						TestTargetID = BB4903D22160240C003F10C2;
					};
				};
			};
			buildConfigurationList = BB4903CE2160240C003F10C2 /* Build configuration list for PBXProject "ShudderII" */;
			compatibilityVersion = "Xcode 9.3";
			developmentRegion = en;
			hasScannedForEncodings = 0;
			knownRegions = (
				en,
				Base,
			);
			mainGroup = BB4903CA2160240C003F10C2;
			productRefGroup = BB4903D42160240D003F10C2 /* Products */;
			projectDirPath = "";
			projectRoot = "";
			targets = (
				BB4903D22160240C003F10C2 /* ShudderII */,
				BB4903E62160240F003F10C2 /* ShudderIITests */,
				BB4903F12160240F003F10C2 /* ShudderIIUITests */,
			);
		};
/* End PBXProject section */

/* Begin PBXResourcesBuildPhase section */
		BB4903D12160240C003F10C2 /* Resources */ = {
			isa = PBXResourcesBuildPhase;
			buildActionMask = 2147483647;
			files = (
				BB4903E12160240F003F10C2 /* LaunchScreen.storyboard in Resources */,
				BB4903DE2160240F003F10C2 /* Assets.xcassets in Resources */,
			);
			runOnlyForDeploymentPostprocessing = 0;
		};
		BB4903E52160240F003F10C2 /* Resources */ = {
			isa = PBXResourcesBuildPhase;
			buildActionMask = 2147483647;
			files = (
			);
			runOnlyForDeploymentPostprocessing = 0;
		};
		BB4903F02160240F003F10C2 /* Resources */ = {
			isa = PBXResourcesBuildPhase;
			buildActionMask = 2147483647;
			files = (
			);
			runOnlyForDeploymentPostprocessing = 0;
		};
/* End PBXResourcesBuildPhase section */

/* Begin PBXSourcesBuildPhase section */
		BB4903CF2160240C003F10C2 /* Sources */ = {
			isa = PBXSourcesBuildPhase;
			buildActionMask = 2147483647;
			files = (
				BB49042E2161544F003F10C2 /* Movie.swift in Sources */,
				BB4904302161803F003F10C2 /* ArrayExtensions.swift in Sources */,
				BB49041821602AA2003F10C2 /* GUIManager.swift in Sources */,
				BB49041E21604DF9003F10C2 /* DataManager.swift in Sources */,
				BB49041C21602F22003F10C2 /* Managers.swift in Sources */,
				BB490411216028AD003F10C2 /* Errors.swift in Sources */,
				BB49042A216099CE003F10C2 /* MoviesCollectionsTableViewCell.swift in Sources */,
				BB49042821607034003F10C2 /* MoviesCollectionsView.swift in Sources */,
				BB4904162160297F003F10C2 /* AppManager.swift in Sources */,
				BB49040D2160279E003F10C2 /* Common.swift in Sources */,
				BB49042021604E50003F10C2 /* RequestManager.swift in Sources */,
				BB49040F2160280B003F10C2 /* Strings.swift in Sources */,
				BB49042C21613465003F10C2 /* HeroViewTableViewCell.swift in Sources */,
				BB49043421619BCB003F10C2 /* MoviesCollectionsCollectionViewCell.swift in Sources */,
				BBB3F447216293B700A5E8EA /* MovieDetailView.swift in Sources */,
				BB49041A21602BBB003F10C2 /* FeaturedViewController.swift in Sources */,
				BB4903D72160240D003F10C2 /* AppDelegate.swift in Sources */,
			);
			runOnlyForDeploymentPostprocessing = 0;
		};
		BB4903E32160240F003F10C2 /* Sources */ = {
			isa = PBXSourcesBuildPhase;
			buildActionMask = 2147483647;
			files = (
				BB4903EC2160240F003F10C2 /* ShudderIITests.swift in Sources */,
			);
			runOnlyForDeploymentPostprocessing = 0;
		};
		BB4903EE2160240F003F10C2 /* Sources */ = {
			isa = PBXSourcesBuildPhase;
			buildActionMask = 2147483647;
			files = (
				BB4903F72160240F003F10C2 /* ShudderIIUITests.swift in Sources */,
			);
			runOnlyForDeploymentPostprocessing = 0;
		};
/* End PBXSourcesBuildPhase section */

/* Begin PBXTargetDependency section */
		BB4903E92160240F003F10C2 /* PBXTargetDependency */ = {
			isa = PBXTargetDependency;
			target = BB4903D22160240C003F10C2 /* ShudderII */;
			targetProxy = BB4903E82160240F003F10C2 /* PBXContainerItemProxy */;
		};
		BB4903F42160240F003F10C2 /* PBXTargetDependency */ = {
			isa = PBXTargetDependency;
			target = BB4903D22160240C003F10C2 /* ShudderII */;
			targetProxy = BB4903F32160240F003F10C2 /* PBXContainerItemProxy */;
		};
/* End PBXTargetDependency section */

/* Begin PBXVariantGroup section */
		BB4903DF2160240F003F10C2 /* LaunchScreen.storyboard */ = {
			isa = PBXVariantGroup;
			children = (
				BB4903E02160240F003F10C2 /* Base */,
			);
			name = LaunchScreen.storyboard;
			sourceTree = "<group>";
		};
/* End PBXVariantGroup section */

/* Begin XCBuildConfiguration section */
		BB4903F92160240F003F10C2 /* Debug */ = {
			isa = XCBuildConfiguration;
			buildSettings = {
				ALWAYS_SEARCH_USER_PATHS = NO;
				CLANG_ANALYZER_NONNULL = YES;
				CLANG_ANALYZER_NUMBER_OBJECT_CONVERSION = YES_AGGRESSIVE;
				CLANG_CXX_LANGUAGE_STANDARD = "gnu++14";
				CLANG_CXX_LIBRARY = "libc++";
				CLANG_ENABLE_MODULES = YES;
				CLANG_ENABLE_OBJC_ARC = YES;
				CLANG_ENABLE_OBJC_WEAK = YES;
				CLANG_WARN_BLOCK_CAPTURE_AUTORELEASING = YES;
				CLANG_WARN_BOOL_CONVERSION = YES;
				CLANG_WARN_COMMA = YES;
				CLANG_WARN_CONSTANT_CONVERSION = YES;
				CLANG_WARN_DEPRECATED_OBJC_IMPLEMENTATIONS = YES;
				CLANG_WARN_DIRECT_OBJC_ISA_USAGE = YES_ERROR;
				CLANG_WARN_DOCUMENTATION_COMMENTS = YES;
				CLANG_WARN_EMPTY_BODY = YES;
				CLANG_WARN_ENUM_CONVERSION = YES;
				CLANG_WARN_INFINITE_RECURSION = YES;
				CLANG_WARN_INT_CONVERSION = YES;
				CLANG_WARN_NON_LITERAL_NULL_CONVERSION = YES;
				CLANG_WARN_OBJC_IMPLICIT_RETAIN_SELF = YES;
				CLANG_WARN_OBJC_LITERAL_CONVERSION = YES;
				CLANG_WARN_OBJC_ROOT_CLASS = YES_ERROR;
				CLANG_WARN_RANGE_LOOP_ANALYSIS = YES;
				CLANG_WARN_STRICT_PROTOTYPES = YES;
				CLANG_WARN_SUSPICIOUS_MOVE = YES;
				CLANG_WARN_UNGUARDED_AVAILABILITY = YES_AGGRESSIVE;
				CLANG_WARN_UNREACHABLE_CODE = YES;
				CLANG_WARN__DUPLICATE_METHOD_MATCH = YES;
				CODE_SIGN_IDENTITY = "iPhone Developer";
				COPY_PHASE_STRIP = NO;
				DEBUG_INFORMATION_FORMAT = dwarf;
				ENABLE_STRICT_OBJC_MSGSEND = YES;
				ENABLE_TESTABILITY = YES;
				GCC_C_LANGUAGE_STANDARD = gnu11;
				GCC_DYNAMIC_NO_PIC = NO;
				GCC_NO_COMMON_BLOCKS = YES;
				GCC_OPTIMIZATION_LEVEL = 0;
				GCC_PREPROCESSOR_DEFINITIONS = (
					"DEBUG=1",
					"$(inherited)",
				);
				GCC_WARN_64_TO_32_BIT_CONVERSION = YES;
				GCC_WARN_ABOUT_RETURN_TYPE = YES_ERROR;
				GCC_WARN_UNDECLARED_SELECTOR = YES;
				GCC_WARN_UNINITIALIZED_AUTOS = YES_AGGRESSIVE;
				GCC_WARN_UNUSED_FUNCTION = YES;
				GCC_WARN_UNUSED_VARIABLE = YES;
				IPHONEOS_DEPLOYMENT_TARGET = 12.0;
				MTL_ENABLE_DEBUG_INFO = INCLUDE_SOURCE;
				MTL_FAST_MATH = YES;
				ONLY_ACTIVE_ARCH = YES;
				SDKROOT = iphoneos;
				SWIFT_ACTIVE_COMPILATION_CONDITIONS = DEBUG;
				SWIFT_OPTIMIZATION_LEVEL = "-Onone";
			};
			name = Debug;
		};
		BB4903FA2160240F003F10C2 /* Release */ = {
			isa = XCBuildConfiguration;
			buildSettings = {
				ALWAYS_SEARCH_USER_PATHS = NO;
				CLANG_ANALYZER_NONNULL = YES;
				CLANG_ANALYZER_NUMBER_OBJECT_CONVERSION = YES_AGGRESSIVE;
				CLANG_CXX_LANGUAGE_STANDARD = "gnu++14";
				CLANG_CXX_LIBRARY = "libc++";
				CLANG_ENABLE_MODULES = YES;
				CLANG_ENABLE_OBJC_ARC = YES;
				CLANG_ENABLE_OBJC_WEAK = YES;
				CLANG_WARN_BLOCK_CAPTURE_AUTORELEASING = YES;
				CLANG_WARN_BOOL_CONVERSION = YES;
				CLANG_WARN_COMMA = YES;
				CLANG_WARN_CONSTANT_CONVERSION = YES;
				CLANG_WARN_DEPRECATED_OBJC_IMPLEMENTATIONS = YES;
				CLANG_WARN_DIRECT_OBJC_ISA_USAGE = YES_ERROR;
				CLANG_WARN_DOCUMENTATION_COMMENTS = YES;
				CLANG_WARN_EMPTY_BODY = YES;
				CLANG_WARN_ENUM_CONVERSION = YES;
				CLANG_WARN_INFINITE_RECURSION = YES;
				CLANG_WARN_INT_CONVERSION = YES;
				CLANG_WARN_NON_LITERAL_NULL_CONVERSION = YES;
				CLANG_WARN_OBJC_IMPLICIT_RETAIN_SELF = YES;
				CLANG_WARN_OBJC_LITERAL_CONVERSION = YES;
				CLANG_WARN_OBJC_ROOT_CLASS = YES_ERROR;
				CLANG_WARN_RANGE_LOOP_ANALYSIS = YES;
				CLANG_WARN_STRICT_PROTOTYPES = YES;
				CLANG_WARN_SUSPICIOUS_MOVE = YES;
				CLANG_WARN_UNGUARDED_AVAILABILITY = YES_AGGRESSIVE;
				CLANG_WARN_UNREACHABLE_CODE = YES;
				CLANG_WARN__DUPLICATE_METHOD_MATCH = YES;
				CODE_SIGN_IDENTITY = "iPhone Developer";
				COPY_PHASE_STRIP = NO;
				DEBUG_INFORMATION_FORMAT = "dwarf-with-dsym";
				ENABLE_NS_ASSERTIONS = NO;
				ENABLE_STRICT_OBJC_MSGSEND = YES;
				GCC_C_LANGUAGE_STANDARD = gnu11;
				GCC_NO_COMMON_BLOCKS = YES;
				GCC_WARN_64_TO_32_BIT_CONVERSION = YES;
				GCC_WARN_ABOUT_RETURN_TYPE = YES_ERROR;
				GCC_WARN_UNDECLARED_SELECTOR = YES;
				GCC_WARN_UNINITIALIZED_AUTOS = YES_AGGRESSIVE;
				GCC_WARN_UNUSED_FUNCTION = YES;
				GCC_WARN_UNUSED_VARIABLE = YES;
				IPHONEOS_DEPLOYMENT_TARGET = 12.0;
				MTL_ENABLE_DEBUG_INFO = NO;
				MTL_FAST_MATH = YES;
				SDKROOT = iphoneos;
				SWIFT_COMPILATION_MODE = wholemodule;
				SWIFT_OPTIMIZATION_LEVEL = "-O";
				VALIDATE_PRODUCT = YES;
			};
			name = Release;
		};
		BB4903FC2160240F003F10C2 /* Debug */ = {
			isa = XCBuildConfiguration;
			buildSettings = {
				ASSETCATALOG_COMPILER_APPICON_NAME = AppIcon;
				CODE_SIGN_STYLE = Automatic;
				DEVELOPMENT_TEAM = N7T3D3XZJC;
				INFOPLIST_FILE = "ShudderII/Supporting Files/Info.plist";
				LD_RUNPATH_SEARCH_PATHS = (
					"$(inherited)",
					"@executable_path/Frameworks",
				);
				PRODUCT_BUNDLE_IDENTIFIER = com.DD.Guillermo.ShudderII;
				PRODUCT_NAME = "$(TARGET_NAME)";
				SWIFT_VERSION = 4.2;
				TARGETED_DEVICE_FAMILY = "1,2";
			};
			name = Debug;
		};
		BB4903FD2160240F003F10C2 /* Release */ = {
			isa = XCBuildConfiguration;
			buildSettings = {
				ASSETCATALOG_COMPILER_APPICON_NAME = AppIcon;
				CODE_SIGN_STYLE = Automatic;
				DEVELOPMENT_TEAM = N7T3D3XZJC;
				INFOPLIST_FILE = "ShudderII/Supporting Files/Info.plist";
				LD_RUNPATH_SEARCH_PATHS = (
					"$(inherited)",
					"@executable_path/Frameworks",
				);
				PRODUCT_BUNDLE_IDENTIFIER = com.DD.Guillermo.ShudderII;
				PRODUCT_NAME = "$(TARGET_NAME)";
				SWIFT_VERSION = 4.2;
				TARGETED_DEVICE_FAMILY = "1,2";
			};
			name = Release;
		};
		BB4903FF2160240F003F10C2 /* Debug */ = {
			isa = XCBuildConfiguration;
			buildSettings = {
				ALWAYS_EMBED_SWIFT_STANDARD_LIBRARIES = YES;
				BUNDLE_LOADER = "$(TEST_HOST)";
				CODE_SIGN_STYLE = Automatic;
				DEVELOPMENT_TEAM = N7T3D3XZJC;
				INFOPLIST_FILE = ShudderIITests/Info.plist;
				LD_RUNPATH_SEARCH_PATHS = (
					"$(inherited)",
					"@executable_path/Frameworks",
					"@loader_path/Frameworks",
				);
				PRODUCT_BUNDLE_IDENTIFIER = com.DD.Guillermo.ShudderIITests;
				PRODUCT_NAME = "$(TARGET_NAME)";
				SWIFT_VERSION = 4.2;
				TARGETED_DEVICE_FAMILY = "1,2";
				TEST_HOST = "$(BUILT_PRODUCTS_DIR)/ShudderII.app/ShudderII";
			};
			name = Debug;
		};
		BB4904002160240F003F10C2 /* Release */ = {
			isa = XCBuildConfiguration;
			buildSettings = {
				ALWAYS_EMBED_SWIFT_STANDARD_LIBRARIES = YES;
				BUNDLE_LOADER = "$(TEST_HOST)";
				CODE_SIGN_STYLE = Automatic;
				DEVELOPMENT_TEAM = N7T3D3XZJC;
				INFOPLIST_FILE = ShudderIITests/Info.plist;
				LD_RUNPATH_SEARCH_PATHS = (
					"$(inherited)",
					"@executable_path/Frameworks",
					"@loader_path/Frameworks",
				);
				PRODUCT_BUNDLE_IDENTIFIER = com.DD.Guillermo.ShudderIITests;
				PRODUCT_NAME = "$(TARGET_NAME)";
				SWIFT_VERSION = 4.2;
				TARGETED_DEVICE_FAMILY = "1,2";
				TEST_HOST = "$(BUILT_PRODUCTS_DIR)/ShudderII.app/ShudderII";
			};
			name = Release;
		};
		BB4904022160240F003F10C2 /* Debug */ = {
			isa = XCBuildConfiguration;
			buildSettings = {
				ALWAYS_EMBED_SWIFT_STANDARD_LIBRARIES = YES;
				CODE_SIGN_STYLE = Automatic;
				DEVELOPMENT_TEAM = N7T3D3XZJC;
				INFOPLIST_FILE = ShudderIIUITests/Info.plist;
				LD_RUNPATH_SEARCH_PATHS = (
					"$(inherited)",
					"@executable_path/Frameworks",
					"@loader_path/Frameworks",
				);
				PRODUCT_BUNDLE_IDENTIFIER = com.DD.Guillermo.ShudderIIUITests;
				PRODUCT_NAME = "$(TARGET_NAME)";
				SWIFT_VERSION = 4.2;
				TARGETED_DEVICE_FAMILY = "1,2";
				TEST_TARGET_NAME = ShudderII;
			};
			name = Debug;
		};
		BB4904032160240F003F10C2 /* Release */ = {
			isa = XCBuildConfiguration;
			buildSettings = {
				ALWAYS_EMBED_SWIFT_STANDARD_LIBRARIES = YES;
				CODE_SIGN_STYLE = Automatic;
				DEVELOPMENT_TEAM = N7T3D3XZJC;
				INFOPLIST_FILE = ShudderIIUITests/Info.plist;
				LD_RUNPATH_SEARCH_PATHS = (
					"$(inherited)",
					"@executable_path/Frameworks",
					"@loader_path/Frameworks",
				);
				PRODUCT_BUNDLE_IDENTIFIER = com.DD.Guillermo.ShudderIIUITests;
				PRODUCT_NAME = "$(TARGET_NAME)";
				SWIFT_VERSION = 4.2;
				TARGETED_DEVICE_FAMILY = "1,2";
				TEST_TARGET_NAME = ShudderII;
			};
			name = Release;
		};
/* End XCBuildConfiguration section */

/* Begin XCConfigurationList section */
		BB4903CE2160240C003F10C2 /* Build configuration list for PBXProject "ShudderII" */ = {
			isa = XCConfigurationList;
			buildConfigurations = (
				BB4903F92160240F003F10C2 /* Debug */,
				BB4903FA2160240F003F10C2 /* Release */,
			);
			defaultConfigurationIsVisible = 0;
			defaultConfigurationName = Release;
		};
		BB4903FB2160240F003F10C2 /* Build configuration list for PBXNativeTarget "ShudderII" */ = {
			isa = XCConfigurationList;
			buildConfigurations = (
				BB4903FC2160240F003F10C2 /* Debug */,
				BB4903FD2160240F003F10C2 /* Release */,
			);
			defaultConfigurationIsVisible = 0;
			defaultConfigurationName = Release;
		};
		BB4903FE2160240F003F10C2 /* Build configuration list for PBXNativeTarget "ShudderIITests" */ = {
			isa = XCConfigurationList;
			buildConfigurations = (
				BB4903FF2160240F003F10C2 /* Debug */,
				BB4904002160240F003F10C2 /* Release */,
			);
			defaultConfigurationIsVisible = 0;
			defaultConfigurationName = Release;
		};
		BB4904012160240F003F10C2 /* Build configuration list for PBXNativeTarget "ShudderIIUITests" */ = {
			isa = XCConfigurationList;
			buildConfigurations = (
				BB4904022160240F003F10C2 /* Debug */,
				BB4904032160240F003F10C2 /* Release */,
			);
			defaultConfigurationIsVisible = 0;
			defaultConfigurationName = Release;
		};
/* End XCConfigurationList section */
	};
	rootObject = BB4903CB2160240C003F10C2 /* Project object */;
}
